// !$*UTF8*$!
{
	archiveVersion = 1;
	classes = {
	};
	objectVersion = 50;
	objects = {

/* Begin PBXBuildFile section */
		C900D13B21D7A694004D6AA3 /* AppDelegate.swift in Sources */ = {isa = PBXBuildFile; fileRef = C900D13A21D7A694004D6AA3 /* AppDelegate.swift */; };
		C900D13D21D7A694004D6AA3 /* ViewController.swift in Sources */ = {isa = PBXBuildFile; fileRef = C900D13C21D7A694004D6AA3 /* ViewController.swift */; };
		C900D14021D7A694004D6AA3 /* Main.storyboard in Resources */ = {isa = PBXBuildFile; fileRef = C900D13E21D7A694004D6AA3 /* Main.storyboard */; };
		C900D14221D7A696004D6AA3 /* Assets.xcassets in Resources */ = {isa = PBXBuildFile; fileRef = C900D14121D7A696004D6AA3 /* Assets.xcassets */; };
		C900D14521D7A696004D6AA3 /* LaunchScreen.storyboard in Resources */ = {isa = PBXBuildFile; fileRef = C900D14321D7A696004D6AA3 /* LaunchScreen.storyboard */; };
		C900D15021D7A696004D6AA3 /* SettingBundleDemoUITests.swift in Sources */ = {isa = PBXBuildFile; fileRef = C900D14F21D7A696004D6AA3 /* SettingBundleDemoUITests.swift */; };
		C9074FB721DB462E00D2AA93 /* Settings.bundle in Resources */ = {isa = PBXBuildFile; fileRef = C9074FB621DB462E00D2AA93 /* Settings.bundle */; };
		C9E0DC4821DBA7230051E70B /* SettingBundleWrapper.swift in Sources */ = {isa = PBXBuildFile; fileRef = C9E0DC4721DBA7230051E70B /* SettingBundleWrapper.swift */; };
/* End PBXBuildFile section */

/* Begin PBXContainerItemProxy section */
		C900D14C21D7A696004D6AA3 /* PBXContainerItemProxy */ = {
			isa = PBXContainerItemProxy;
			containerPortal = C900D12F21D7A694004D6AA3 /* Project object */;
			proxyType = 1;
			remoteGlobalIDString = C900D13621D7A694004D6AA3;
			remoteInfo = SettingBundleDemo;
		};
/* End PBXContainerItemProxy section */

/* Begin PBXFileReference section */
		C900D13721D7A694004D6AA3 /* LISettingBundleDemo.app */ = {isa = PBXFileReference; explicitFileType = wrapper.application; includeInIndex = 0; path = LISettingBundleDemo.app; sourceTree = BUILT_PRODUCTS_DIR; };
		C900D13A21D7A694004D6AA3 /* AppDelegate.swift */ = {isa = PBXFileReference; lastKnownFileType = sourcecode.swift; path = AppDelegate.swift; sourceTree = "<group>"; };
		C900D13C21D7A694004D6AA3 /* ViewController.swift */ = {isa = PBXFileReference; lastKnownFileType = sourcecode.swift; path = ViewController.swift; sourceTree = "<group>"; };
		C900D13F21D7A694004D6AA3 /* Base */ = {isa = PBXFileReference; lastKnownFileType = file.storyboard; name = Base; path = Base.lproj/Main.storyboard; sourceTree = "<group>"; };
		C900D14121D7A696004D6AA3 /* Assets.xcassets */ = {isa = PBXFileReference; lastKnownFileType = folder.assetcatalog; path = Assets.xcassets; sourceTree = "<group>"; };
		C900D14421D7A696004D6AA3 /* Base */ = {isa = PBXFileReference; lastKnownFileType = file.storyboard; name = Base; path = Base.lproj/LaunchScreen.storyboard; sourceTree = "<group>"; };
		C900D14621D7A696004D6AA3 /* Info.plist */ = {isa = PBXFileReference; lastKnownFileType = text.plist.xml; path = Info.plist; sourceTree = "<group>"; };
		C900D14B21D7A696004D6AA3 /* LISettingBundleDemoUITests.xctest */ = {isa = PBXFileReference; explicitFileType = wrapper.cfbundle; includeInIndex = 0; path = LISettingBundleDemoUITests.xctest; sourceTree = BUILT_PRODUCTS_DIR; };
		C900D14F21D7A696004D6AA3 /* SettingBundleDemoUITests.swift */ = {isa = PBXFileReference; lastKnownFileType = sourcecode.swift; path = SettingBundleDemoUITests.swift; sourceTree = "<group>"; };
		C900D15121D7A696004D6AA3 /* Info.plist */ = {isa = PBXFileReference; lastKnownFileType = text.plist.xml; path = Info.plist; sourceTree = "<group>"; };
		C9074FB621DB462E00D2AA93 /* Settings.bundle */ = {isa = PBXFileReference; lastKnownFileType = "wrapper.plug-in"; path = Settings.bundle; sourceTree = "<group>"; };
		C9E0DC4721DBA7230051E70B /* SettingBundleWrapper.swift */ = {isa = PBXFileReference; lastKnownFileType = sourcecode.swift; path = SettingBundleWrapper.swift; sourceTree = "<group>"; };
/* End PBXFileReference section */

/* Begin PBXFrameworksBuildPhase section */
		C900D13421D7A694004D6AA3 /* Frameworks */ = {
			isa = PBXFrameworksBuildPhase;
			buildActionMask = 2147483647;
			files = (
			);
			runOnlyForDeploymentPostprocessing = 0;
		};
		C900D14821D7A696004D6AA3 /* Frameworks */ = {
			isa = PBXFrameworksBuildPhase;
			buildActionMask = 2147483647;
			files = (
			);
			runOnlyForDeploymentPostprocessing = 0;
		};
/* End PBXFrameworksBuildPhase section */

/* Begin PBXGroup section */
		C900D12E21D7A694004D6AA3 = {
			isa = PBXGroup;
			children = (
				C9074FB621DB462E00D2AA93 /* Settings.bundle */,
				C900D13921D7A694004D6AA3 /* SettingBundleDemo */,
				C900D14E21D7A696004D6AA3 /* SettingBundleDemoUITests */,
				C900D13821D7A694004D6AA3 /* Products */,
			);
			sourceTree = "<group>";
		};
		C900D13821D7A694004D6AA3 /* Products */ = {
			isa = PBXGroup;
			children = (
				C900D13721D7A694004D6AA3 /* LISettingBundleDemo.app */,
				C900D14B21D7A696004D6AA3 /* LISettingBundleDemoUITests.xctest */,
			);
			name = Products;
			sourceTree = "<group>";
		};
		C900D13921D7A694004D6AA3 /* SettingBundleDemo */ = {
			isa = PBXGroup;
			children = (
				C900D13A21D7A694004D6AA3 /* AppDelegate.swift */,
				C9E0DC4721DBA7230051E70B /* SettingBundleWrapper.swift */,
				C900D13C21D7A694004D6AA3 /* ViewController.swift */,
				C900D13E21D7A694004D6AA3 /* Main.storyboard */,
				C900D14121D7A696004D6AA3 /* Assets.xcassets */,
				C900D14321D7A696004D6AA3 /* LaunchScreen.storyboard */,
				C900D14621D7A696004D6AA3 /* Info.plist */,
			);
			path = SettingBundleDemo;
			sourceTree = "<group>";
		};
		C900D14E21D7A696004D6AA3 /* SettingBundleDemoUITests */ = {
			isa = PBXGroup;
			children = (
				C900D14F21D7A696004D6AA3 /* SettingBundleDemoUITests.swift */,
				C900D15121D7A696004D6AA3 /* Info.plist */,
			);
			path = SettingBundleDemoUITests;
			sourceTree = "<group>";
		};
/* End PBXGroup section */

/* Begin PBXNativeTarget section */
		C900D13621D7A694004D6AA3 /* LISettingBundleDemo */ = {
			isa = PBXNativeTarget;
			buildConfigurationList = C900D15421D7A696004D6AA3 /* Build configuration list for PBXNativeTarget "LISettingBundleDemo" */;
			buildPhases = (
				C900D13321D7A694004D6AA3 /* Sources */,
				C900D13421D7A694004D6AA3 /* Frameworks */,
				C900D13521D7A694004D6AA3 /* Resources */,
			);
			buildRules = (
			);
			dependencies = (
			);
			name = LISettingBundleDemo;
			productName = SettingBundleDemo;
			productReference = C900D13721D7A694004D6AA3 /* LISettingBundleDemo.app */;
			productType = "com.apple.product-type.application";
		};
		C900D14A21D7A696004D6AA3 /* LISettingBundleDemoUITests */ = {
			isa = PBXNativeTarget;
			buildConfigurationList = C900D15721D7A696004D6AA3 /* Build configuration list for PBXNativeTarget "LISettingBundleDemoUITests" */;
			buildPhases = (
				C900D14721D7A696004D6AA3 /* Sources */,
				C900D14821D7A696004D6AA3 /* Frameworks */,
				C900D14921D7A696004D6AA3 /* Resources */,
			);
			buildRules = (
			);
			dependencies = (
				C900D14D21D7A696004D6AA3 /* PBXTargetDependency */,
			);
			name = LISettingBundleDemoUITests;
			productName = SettingBundleDemoUITests;
			productReference = C900D14B21D7A696004D6AA3 /* LISettingBundleDemoUITests.xctest */;
			productType = "com.apple.product-type.bundle.ui-testing";
		};
/* End PBXNativeTarget section */

/* Begin PBXProject section */
		C900D12F21D7A694004D6AA3 /* Project object */ = {
			isa = PBXProject;
			attributes = {
				LastSwiftUpdateCheck = 0940;
				LastUpgradeCheck = 0940;
				ORGANIZATIONNAME = LogisticInfotech;
				TargetAttributes = {
					C900D13621D7A694004D6AA3 = {
						CreatedOnToolsVersion = 9.4.1;
					};
					C900D14A21D7A696004D6AA3 = {
						CreatedOnToolsVersion = 9.4.1;
						TestTargetID = C900D13621D7A694004D6AA3;
					};
				};
			};
			buildConfigurationList = C900D13221D7A694004D6AA3 /* Build configuration list for PBXProject "LISettingBundleDemo" */;
			compatibilityVersion = "Xcode 9.3";
			developmentRegion = en;
			hasScannedForEncodings = 0;
			knownRegions = (
				en,
				Base,
			);
			mainGroup = C900D12E21D7A694004D6AA3;
			productRefGroup = C900D13821D7A694004D6AA3 /* Products */;
			projectDirPath = "";
			projectRoot = "";
			targets = (
				C900D13621D7A694004D6AA3 /* LISettingBundleDemo */,
				C900D14A21D7A696004D6AA3 /* LISettingBundleDemoUITests */,
			);
		};
/* End PBXProject section */

/* Begin PBXResourcesBuildPhase section */
		C900D13521D7A694004D6AA3 /* Resources */ = {
			isa = PBXResourcesBuildPhase;
			buildActionMask = 2147483647;
			files = (
				C9074FB721DB462E00D2AA93 /* Settings.bundle in Resources */,
				C900D14521D7A696004D6AA3 /* LaunchScreen.storyboard in Resources */,
				C900D14221D7A696004D6AA3 /* Assets.xcassets in Resources */,
				C900D14021D7A694004D6AA3 /* Main.storyboard in Resources */,
			);
			runOnlyForDeploymentPostprocessing = 0;
		};
		C900D14921D7A696004D6AA3 /* Resources */ = {
			isa = PBXResourcesBuildPhase;
			buildActionMask = 2147483647;
			files = (
			);
			runOnlyForDeploymentPostprocessing = 0;
		};
/* End PBXResourcesBuildPhase section */

/* Begin PBXSourcesBuildPhase section */
		C900D13321D7A694004D6AA3 /* Sources */ = {
			isa = PBXSourcesBuildPhase;
			buildActionMask = 2147483647;
			files = (
				C900D13D21D7A694004D6AA3 /* ViewController.swift in Sources */,
				C9E0DC4821DBA7230051E70B /* SettingBundleWrapper.swift in Sources */,
				C900D13B21D7A694004D6AA3 /* AppDelegate.swift in Sources */,
			);
			runOnlyForDeploymentPostprocessing = 0;
		};
		C900D14721D7A696004D6AA3 /* Sources */ = {
			isa = PBXSourcesBuildPhase;
			buildActionMask = 2147483647;
			files = (
				C900D15021D7A696004D6AA3 /* SettingBundleDemoUITests.swift in Sources */,
			);
			runOnlyForDeploymentPostprocessing = 0;
		};
/* End PBXSourcesBuildPhase section */

/* Begin PBXTargetDependency section */
		C900D14D21D7A696004D6AA3 /* PBXTargetDependency */ = {
			isa = PBXTargetDependency;
			target = C900D13621D7A694004D6AA3 /* LISettingBundleDemo */;
			targetProxy = C900D14C21D7A696004D6AA3 /* PBXContainerItemProxy */;
		};
/* End PBXTargetDependency section */

/* Begin PBXVariantGroup section */
		C900D13E21D7A694004D6AA3 /* Main.storyboard */ = {
			isa = PBXVariantGroup;
			children = (
				C900D13F21D7A694004D6AA3 /* Base */,
			);
			name = Main.storyboard;
			sourceTree = "<group>";
		};
		C900D14321D7A696004D6AA3 /* LaunchScreen.storyboard */ = {
			isa = PBXVariantGroup;
			children = (
				C900D14421D7A696004D6AA3 /* Base */,
			);
			name = LaunchScreen.storyboard;
			sourceTree = "<group>";
		};
/* End PBXVariantGroup section */

/* Begin XCBuildConfiguration section */
		C900D15221D7A696004D6AA3 /* Debug */ = {
			isa = XCBuildConfiguration;
			buildSettings = {
				ALWAYS_SEARCH_USER_PATHS = NO;
				CLANG_ANALYZER_NONNULL = YES;
				CLANG_ANALYZER_NUMBER_OBJECT_CONVERSION = YES_AGGRESSIVE;
				CLANG_CXX_LANGUAGE_STANDARD = "gnu++14";
				CLANG_CXX_LIBRARY = "libc++";
				CLANG_ENABLE_MODULES = YES;
				CLANG_ENABLE_OBJC_ARC = YES;
				CLANG_ENABLE_OBJC_WEAK = YES;
				CLANG_WARN_BLOCK_CAPTURE_AUTORELEASING = YES;
				CLANG_WARN_BOOL_CONVERSION = YES;
				CLANG_WARN_COMMA = YES;
				CLANG_WARN_CONSTANT_CONVERSION = YES;
				CLANG_WARN_DEPRECATED_OBJC_IMPLEMENTATIONS = YES;
				CLANG_WARN_DIRECT_OBJC_ISA_USAGE = YES_ERROR;
				CLANG_WARN_DOCUMENTATION_COMMENTS = YES;
				CLANG_WARN_EMPTY_BODY = YES;
				CLANG_WARN_ENUM_CONVERSION = YES;
				CLANG_WARN_INFINITE_RECURSION = YES;
				CLANG_WARN_INT_CONVERSION = YES;
				CLANG_WARN_NON_LITERAL_NULL_CONVERSION = YES;
				CLANG_WARN_OBJC_IMPLICIT_RETAIN_SELF = YES;
				CLANG_WARN_OBJC_LITERAL_CONVERSION = YES;
				CLANG_WARN_OBJC_ROOT_CLASS = YES_ERROR;
				CLANG_WARN_RANGE_LOOP_ANALYSIS = YES;
				CLANG_WARN_STRICT_PROTOTYPES = YES;
				CLANG_WARN_SUSPICIOUS_MOVE = YES;
				CLANG_WARN_UNGUARDED_AVAILABILITY = YES_AGGRESSIVE;
				CLANG_WARN_UNREACHABLE_CODE = YES;
				CLANG_WARN__DUPLICATE_METHOD_MATCH = YES;
				CODE_SIGN_IDENTITY = "iPhone Developer";
				COPY_PHASE_STRIP = NO;
				DEBUG_INFORMATION_FORMAT = dwarf;
				ENABLE_STRICT_OBJC_MSGSEND = YES;
				ENABLE_TESTABILITY = YES;
				GCC_C_LANGUAGE_STANDARD = gnu11;
				GCC_DYNAMIC_NO_PIC = NO;
				GCC_NO_COMMON_BLOCKS = YES;
				GCC_OPTIMIZATION_LEVEL = 0;
				GCC_PREPROCESSOR_DEFINITIONS = (
					"DEBUG=1",
					"$(inherited)",
				);
				GCC_WARN_64_TO_32_BIT_CONVERSION = YES;
				GCC_WARN_ABOUT_RETURN_TYPE = YES_ERROR;
				GCC_WARN_UNDECLARED_SELECTOR = YES;
				GCC_WARN_UNINITIALIZED_AUTOS = YES_AGGRESSIVE;
				GCC_WARN_UNUSED_FUNCTION = YES;
				GCC_WARN_UNUSED_VARIABLE = YES;
				IPHONEOS_DEPLOYMENT_TARGET = 9.0;
				MTL_ENABLE_DEBUG_INFO = YES;
				ONLY_ACTIVE_ARCH = YES;
				SDKROOT = iphoneos;
				SWIFT_ACTIVE_COMPILATION_CONDITIONS = DEBUG;
				SWIFT_OPTIMIZATION_LEVEL = "-Onone";
			};
			name = Debug;
		};
		C900D15321D7A696004D6AA3 /* Release */ = {
			isa = XCBuildConfiguration;
			buildSettings = {
				ALWAYS_SEARCH_USER_PATHS = NO;
				CLANG_ANALYZER_NONNULL = YES;
				CLANG_ANALYZER_NUMBER_OBJECT_CONVERSION = YES_AGGRESSIVE;
				CLANG_CXX_LANGUAGE_STANDARD = "gnu++14";
				CLANG_CXX_LIBRARY = "libc++";
				CLANG_ENABLE_MODULES = YES;
				CLANG_ENABLE_OBJC_ARC = YES;
				CLANG_ENABLE_OBJC_WEAK = YES;
				CLANG_WARN_BLOCK_CAPTURE_AUTORELEASING = YES;
				CLANG_WARN_BOOL_CONVERSION = YES;
				CLANG_WARN_COMMA = YES;
				CLANG_WARN_CONSTANT_CONVERSION = YES;
				CLANG_WARN_DEPRECATED_OBJC_IMPLEMENTATIONS = YES;
				CLANG_WARN_DIRECT_OBJC_ISA_USAGE = YES_ERROR;
				CLANG_WARN_DOCUMENTATION_COMMENTS = YES;
				CLANG_WARN_EMPTY_BODY = YES;
				CLANG_WARN_ENUM_CONVERSION = YES;
				CLANG_WARN_INFINITE_RECURSION = YES;
				CLANG_WARN_INT_CONVERSION = YES;
				CLANG_WARN_NON_LITERAL_NULL_CONVERSION = YES;
				CLANG_WARN_OBJC_IMPLICIT_RETAIN_SELF = YES;
				CLANG_WARN_OBJC_LITERAL_CONVERSION = YES;
				CLANG_WARN_OBJC_ROOT_CLASS = YES_ERROR;
				CLANG_WARN_RANGE_LOOP_ANALYSIS = YES;
				CLANG_WARN_STRICT_PROTOTYPES = YES;
				CLANG_WARN_SUSPICIOUS_MOVE = YES;
				CLANG_WARN_UNGUARDED_AVAILABILITY = YES_AGGRESSIVE;
				CLANG_WARN_UNREACHABLE_CODE = YES;
				CLANG_WARN__DUPLICATE_METHOD_MATCH = YES;
				CODE_SIGN_IDENTITY = "iPhone Developer";
				COPY_PHASE_STRIP = NO;
				DEBUG_INFORMATION_FORMAT = "dwarf-with-dsym";
				ENABLE_NS_ASSERTIONS = NO;
				ENABLE_STRICT_OBJC_MSGSEND = YES;
				GCC_C_LANGUAGE_STANDARD = gnu11;
				GCC_NO_COMMON_BLOCKS = YES;
				GCC_WARN_64_TO_32_BIT_CONVERSION = YES;
				GCC_WARN_ABOUT_RETURN_TYPE = YES_ERROR;
				GCC_WARN_UNDECLARED_SELECTOR = YES;
				GCC_WARN_UNINITIALIZED_AUTOS = YES_AGGRESSIVE;
				GCC_WARN_UNUSED_FUNCTION = YES;
				GCC_WARN_UNUSED_VARIABLE = YES;
				IPHONEOS_DEPLOYMENT_TARGET = 9.0;
				MTL_ENABLE_DEBUG_INFO = NO;
				SDKROOT = iphoneos;
				SWIFT_COMPILATION_MODE = wholemodule;
				SWIFT_OPTIMIZATION_LEVEL = "-O";
				VALIDATE_PRODUCT = YES;
			};
			name = Release;
		};
		C900D15521D7A696004D6AA3 /* Debug */ = {
			isa = XCBuildConfiguration;
			buildSettings = {
				ASSETCATALOG_COMPILER_APPICON_NAME = AppIcon;
				CODE_SIGN_STYLE = Automatic;
				INFOPLIST_FILE = SettingBundleDemo/Info.plist;
				LD_RUNPATH_SEARCH_PATHS = (
					"$(inherited)",
					"@executable_path/Frameworks",
				);
				PRODUCT_BUNDLE_IDENTIFIER = com.logistic.LISettingBundleDemo;
				PRODUCT_NAME = "$(TARGET_NAME)";
				SWIFT_VERSION = 4.0;
				TARGETED_DEVICE_FAMILY = "1,2";
			};
			name = Debug;
		};
		C900D15621D7A696004D6AA3 /* Release */ = {
			isa = XCBuildConfiguration;
			buildSettings = {
				ASSETCATALOG_COMPILER_APPICON_NAME = AppIcon;
				CODE_SIGN_STYLE = Automatic;
				INFOPLIST_FILE = SettingBundleDemo/Info.plist;
				LD_RUNPATH_SEARCH_PATHS = (
					"$(inherited)",
					"@executable_path/Frameworks",
				);
				PRODUCT_BUNDLE_IDENTIFIER = com.logistic.LISettingBundleDemo;
				PRODUCT_NAME = "$(TARGET_NAME)";
				SWIFT_VERSION = 4.0;
				TARGETED_DEVICE_FAMILY = "1,2";
			};
			name = Release;
		};
		C900D15821D7A696004D6AA3 /* Debug */ = {
			isa = XCBuildConfiguration;
			buildSettings = {
				ALWAYS_EMBED_SWIFT_STANDARD_LIBRARIES = YES;
				CODE_SIGN_STYLE = Automatic;
				INFOPLIST_FILE = SettingBundleDemoUITests/Info.plist;
				LD_RUNPATH_SEARCH_PATHS = (
					"$(inherited)",
					"@executable_path/Frameworks",
					"@loader_path/Frameworks",
				);
				PRODUCT_BUNDLE_IDENTIFIER = com.logistic.SettingBundleDemoUITests;
				PRODUCT_NAME = "$(TARGET_NAME)";
				SWIFT_VERSION = 4.0;
				TARGETED_DEVICE_FAMILY = "1,2";
				TEST_TARGET_NAME = SettingBundleDemo;
			};
			name = Debug;
		};
		C900D15921D7A696004D6AA3 /* Release */ = {
			isa = XCBuildConfiguration;
			buildSettings = {
				ALWAYS_EMBED_SWIFT_STANDARD_LIBRARIES = YES;
				CODE_SIGN_STYLE = Automatic;
				INFOPLIST_FILE = SettingBundleDemoUITests/Info.plist;
				LD_RUNPATH_SEARCH_PATHS = (
					"$(inherited)",
					"@executable_path/Frameworks",
					"@loader_path/Frameworks",
				);
				PRODUCT_BUNDLE_IDENTIFIER = com.logistic.SettingBundleDemoUITests;
				PRODUCT_NAME = "$(TARGET_NAME)";
				SWIFT_VERSION = 4.0;
				TARGETED_DEVICE_FAMILY = "1,2";
				TEST_TARGET_NAME = SettingBundleDemo;
			};
			name = Release;
		};
/* End XCBuildConfiguration section */

/* Begin XCConfigurationList section */
		C900D13221D7A694004D6AA3 /* Build configuration list for PBXProject "LISettingBundleDemo" */ = {
			isa = XCConfigurationList;
			buildConfigurations = (
				C900D15221D7A696004D6AA3 /* Debug */,
				C900D15321D7A696004D6AA3 /* Release */,
			);
			defaultConfigurationIsVisible = 0;
			defaultConfigurationName = Release;
		};
		C900D15421D7A696004D6AA3 /* Build configuration list for PBXNativeTarget "LISettingBundleDemo" */ = {
			isa = XCConfigurationList;
			buildConfigurations = (
				C900D15521D7A696004D6AA3 /* Debug */,
				C900D15621D7A696004D6AA3 /* Release */,
			);
			defaultConfigurationIsVisible = 0;
			defaultConfigurationName = Release;
		};
		C900D15721D7A696004D6AA3 /* Build configuration list for PBXNativeTarget "LISettingBundleDemoUITests" */ = {
			isa = XCConfigurationList;
			buildConfigurations = (
				C900D15821D7A696004D6AA3 /* Debug */,
				C900D15921D7A696004D6AA3 /* Release */,
			);
			defaultConfigurationIsVisible = 0;
			defaultConfigurationName = Release;
		};
/* End XCConfigurationList section */
	};
	rootObject = C900D12F21D7A694004D6AA3 /* Project object */;
}
